---
lockfileVersion: 1
lockfileVendor: redhat
arches:
- arch: aarch64
  packages:
  - url: https://cdn.redhat.com/content/eus/rhel9/9.6/aarch64/appstream/os/Packages/c/containers-common-1-117.el9_6.aarch64.rpm
    repoid: rhel-9-for-aarch64-appstream-eus-rpms__9_DOT_6
    size: 158379
    checksum: sha256:5571ade0c71bbf0266315f2584693de7e517df4fe6b0ea0e84381030573b08d9
    name: containers-common
    evr: 2:1-117.el9_6
    sourcerpm: containers-common-1-117.el9_6.src.rpm
  - url: https://cdn.redhat.com/content/eus/rhel9/9.6/aarch64/appstream/os/Packages/c/criu-3.19-1.3.el9_6.aarch64.rpm
    repoid: rhel-9-for-aarch64-appstream-eus-rpms__9_DOT_6
    size: 553589
    checksum: sha256:88722d34eb28634a02de398d1de06a9bf5a33d2828d742903cceaca80c965b68
    name: criu
    evr: 3.19-1.3.el9_6
    sourcerpm: criu-3.19-1.3.el9_6.src.rpm
  - url: https://cdn.redhat.com/content/eus/rhel9/9.6/aarch64/appstream/os/Packages/c/criu-libs-3.19-1.3.el9_6.aarch64.rpm
    repoid: rhel-9-for-aarch64-appstream-eus-rpms__9_DOT_6
    size: 29987
    checksum: sha256:cc3d2bcf501d5bbeaabc46f7d5b5486345fd6378169820c4ef1bff34e33b32da
    name: criu-libs
    evr: 3.19-1.3.el9_6
    sourcerpm: criu-3.19-1.3.el9_6.src.rpm
  - url: https://cdn.redhat.com/content/eus/rhel9/9.6/aarch64/appstream/os/Packages/c/crun-1.27-1.el9_6.aarch64.rpm
    repoid: rhel-9-for-aarch64-appstream-eus-rpms__9_DOT_6
    size: 245064
    checksum: sha256:ee341318d2171cb5475ca806976c87b2ac8c592f883259afeadcc1152dc9ad4d
    name: crun
    evr: 1.27-1.el9_6
    sourcerpm: crun-1.27-1.el9_6.src.rpm
  - url: https://cdn.redhat.com/content/eus/rhel9/9.6/aarch64/appstream/os/Packages/f/fuse-overlayfs-1.14-1.el9.aarch64.rpm
    repoid: rhel-9-for-aarch64-appstream-eus-rpms__9_DOT_6
    size: 66963
    checksum: sha256:aa95ce8a964df785e349e8ef3baf12eacde4695be51923fecfdbdc1b69b41933
    name: fuse-overlayfs
    evr: 1.14-1.el9
    sourcerpm: fuse-overlayfs-1.14-1.el9.src.rpm
  - url: https://cdn.redhat.com/content/eus/rhel9/9.6/aarch64/appstream/os/Packages/f/fuse3-3.10.2-9.el9.aarch64.rpm
    repoid: rhel-9-for-aarch64-appstream-eus-rpms__9_DOT_6
    size: 58189
    checksum: sha256:2b911ff36ca332c9a5d0f2b2f088b51e9417d2085ec9c44967102f845825ad0f
    name: fuse3
    evr: 3.10.2-9.el9
    sourcerpm: fuse3-3.10.2-9.el9.src.rpm
  - url: https://cdn.redhat.com/content/eus/rhel9/9.6/aarch64/appstream/os/Packages/f/fuse3-libs-3.10.2-9.el9.aarch64.rpm
    repoid: rhel-9-for-aarch64-appstream-eus-rpms__9_DOT_6
    size: 92984
    checksum: sha256:5996291bc8dbb3d32f5d0ac693a4570dba5fe45631d4ca0552696285ff905370
    name: fuse3-libs
    evr: 3.10.2-9.el9
    sourcerpm: fuse3-3.10.2-9.el9.src.rpm
  - url: https://cdn.redhat.com/content/eus/rhel9/9.6/aarch64/appstream/os/Packages/l/libnet-1.2-7.el9.aarch64.rpm
    repoid: rhel-9-for-aarch64-appstream-eus-rpms__9_DOT_6
    size: 62963
    checksum: sha256:543b0664c576f91ae8f5563f04c2cb3de65ff514d5ed658ac825aa4d98e860dd
    name: libnet
    evr: 1.2-7.el9
    sourcerpm: libnet-1.2-7.el9.src.rpm
  - url: https://cdn.redhat.com/content/eus/rhel9/9.6/aarch64/appstream/os/Packages/l/libslirp-4.4.0-8.el9.aarch64.rpm
    repoid: rhel-9-for-aarch64-appstream-eus-rpms__9_DOT_6
    size: 70971
    checksum: sha256:12fa772c2e3905244fd6cc9971e2592c12a547ac3e4df66f5f0c6ef1e670067d
    name: libslirp
    evr: 4.4.0-8.el9
    sourcerpm: libslirp-4.4.0-8.el9.src.rpm
  - url: https://cdn.redhat.com/content/eus/rhel9/9.6/aarch64/appstream/os/Packages/p/python3.12-pip-23.2.1-4.el9.noarch.rpm
    repoid: rhel-9-for-aarch64-appstream-eus-rpms__9_DOT_6
    size: 3377244
    checksum: sha256:d7fddc3a02b3cba2256034e3ed61378dc37bd6155f91f5feb7560c9ffeb5230e
    name: python3.12-pip
    evr: 23.2.1-4.el9
    sourcerpm: python3.12-pip-23.2.1-4.el9.src.rpm
  - url: https://cdn.redhat.com/content/eus/rhel9/9.6/aarch64/appstream/os/Packages/p/python3.12-setuptools-68.2.2-5.el9_6.noarch.rpm
    repoid: rhel-9-for-aarch64-appstream-eus-rpms__9_DOT_6
    size: 1654905
    checksum: sha256:6a7ea24faa6a5f2686b5e5b103a09f63b929b9bef70f1392dfea4ec5ef57c819
    name: python3.12-setuptools
    evr: 68.2.2-5.el9_6
    sourcerpm: python3.12-setuptools-68.2.2-5.el9_6.src.rpm
  - url: https://cdn.redhat.com/content/eus/rhel9/9.6/aarch64/appstream/os/Packages/r/ruby-3.3.12-6.module+el9.6.0+24618+75aeb29f.1.aarch64.rpm
    repoid: rhel-9-for-aarch64-appstream-eus-rpms__9_DOT_6
    size: 38148
    checksum: sha256:bb37f5e4946d19ec6d721080e4e3fde6394d5a5beb5ab81bca5123584d783a00
    name: ruby
    evr: 3.3.12-6.module+el9.6.0+24618+75aeb29f.1
    sourcerpm: ruby-3.3.12-6.module+el9.6.0+24618+75aeb29f.1.src.rpm
  - url: https://cdn.redhat.com/content/eus/rhel9/9.6/aarch64/appstream/os/Packages/r/ruby-default-gems-3.3.12-6.module+el9.6.0+24618+75aeb29f.1.noarch.rpm
    repoid: rhel-9-for-aarch64-appstream-eus-rpms__9_DOT_6
    size: 47352
    checksum: sha256:869c2f0b23f803fd67c5a51c886e283b5eb9940e5e7e2c6762e7f07e850083ff
    name: ruby-default-gems
    evr: 3.3.12-6.module+el9.6.0+24618+75aeb29f.1
    sourcerpm: ruby-3.3.12-6.module+el9.6.0+24618+75aeb29f.1.src.rpm
  - url: https://cdn.redhat.com/content/eus/rhel9/9.6/aarch64/appstream/os/Packages/r/ruby-libs-3.3.12-6.module+el9.6.0+24618+75aeb29f.1.aarch64.rpm
    repoid: rhel-9-for-aarch64-appstream-eus-rpms__9_DOT_6
    size: 4225548
    checksum: sha256:a215793eaa1e4b3a54ad610273360f2f8490c857b5a4b0a8bdeef56f3ee9839f
    name: ruby-libs
    evr: 3.3.12-6.module+el9.6.0+24618+75aeb29f.1
    sourcerpm: ruby-3.3.12-6.module+el9.6.0+24618+75aeb29f.1.src.rpm
  - url: https://cdn.redhat.com/content/eus/rhel9/9.6/aarch64/appstream/os/Packages/r/rubygem-bigdecimal-3.1.5-6.module+el9.6.0+24618+75aeb29f.1.aarch64.rpm
    repoid: rhel-9-for-aarch64-appstream-eus-rpms__9_DOT_6
    size: 65910
    checksum: sha256:d2b58ea5928c2fbecf40afa7dbc29e46c5bbb3a4b7ec3ea07ff4cce327abbb41
    name: rubygem-bigdecimal
    evr: 3.1.5-6.module+el9.6.0+24618+75aeb29f.1
    sourcerpm: ruby-3.3.12-6.module+el9.6.0+24618+75aeb29f.1.src.rpm
  - url: https://cdn.redhat.com/content/eus/rhel9/9.6/aarch64/appstream/os/Packages/r/rubygem-bundler-2.5.22-6.module+el9.6.0+24618+75aeb29f.1.noarch.rpm
    repoid: rhel-9-for-aarch64-appstream-eus-rpms__9_DOT_6
    size: 498268
    checksum: sha256:afb06ce22cd54bf3af6fc8fe86892f8b9ef62193b13bd323f302de61f07e5ea0
    name: rubygem-bundler
    evr: 2.5.22-6.module+el9.6.0+24618+75aeb29f.1
    sourcerpm: ruby-3.3.12-6.module+el9.6.0+24618+75aeb29f.1.src.rpm
  - url: https://cdn.redhat.com/content/eus/rhel9/9.6/aarch64/appstream/os/Packages/r/rubygem-io-console-0.7.1-6.module+el9.6.0+24618+75aeb29f.1.aarch64.rpm
    repoid: rhel-9-for-aarch64-appstream-eus-rpms__9_DOT_6
    size: 22336
    checksum: sha256:2e6113dab7f472a5b79080af84ab405b7c8f21b0f3324e0f874ea5e60ef8ea82
    name: rubygem-io-console
    evr: 0.7.1-6.module+el9.6.0+24618+75aeb29f.1
    sourcerpm: ruby-3.3.12-6.module+el9.6.0+24618+75aeb29f.1.src.rpm
  - url: https://cdn.redhat.com/content/eus/rhel9/9.6/aarch64/appstream/os/Packages/r/rubygem-json-2.7.2-6.module+el9.6.0+24618+75aeb29f.1.aarch64.rpm
    repoid: rhel-9-for-aarch64-appstream-eus-rpms__9_DOT_6
    size: 56565
    checksum: sha256:bbec41251dbffde83ca401d91e3f15101e477338dfe10f807dcb78672719a308
    name: rubygem-json
    evr: 2.7.2-6.module+el9.6.0+24618+75aeb29f.1
    sourcerpm: ruby-3.3.12-6.module+el9.6.0+24618+75aeb29f.1.src.rpm
  - url: https://cdn.redhat.com/content/eus/rhel9/9.6/aarch64/appstream/os/Packages/r/rubygem-psych-5.1.2-6.module+el9.6.0+24618+75aeb29f.1.aarch64.rpm
    repoid: rhel-9-for-aarch64-appstream-eus-rpms__9_DOT_6
    size: 57454
    checksum: sha256:801ab694e5e1dd3ec721ab433289c2c3d9881e1346a97246e36566b5209c1018
    name: rubygem-psych
    evr: 5.1.2-6.module+el9.6.0+24618+75aeb29f.1
    sourcerpm: ruby-3.3.12-6.module+el9.6.0+24618+75aeb29f.1.src.rpm
  - url: https://cdn.redhat.com/content/eus/rhel9/9.6/aarch64/appstream/os/Packages/r/rubygem-rdoc-6.6.3.1-6.module+el9.6.0+24618+75aeb29f.1.noarch.rpm
    repoid: rhel-9-for-aarch64-appstream-eus-rpms__9_DOT_6
    size: 514212
    checksum: sha256:67f98e4376a45ed5c3783e27c604f7d98cadaf8d9bff8e8cf71b2c7453a914d3
    name: rubygem-rdoc
    evr: 6.6.3.1-6.module+el9.6.0+24618+75aeb29f.1
    sourcerpm: ruby-3.3.12-6.module+el9.6.0+24618+75aeb29f.1.src.rpm
  - url: https://cdn.redhat.com/content/eus/rhel9/9.6/aarch64/appstream/os/Packages/r/rubygems-3.5.22-6.module+el9.6.0+24618+75aeb29f.1.noarch.rpm
    repoid: rhel-9-for-aarch64-appstream-eus-rpms__9_DOT_6
    size: 430968
    checksum: sha256:4849d287a572ae216b6efc0748e488695d3cbb1dc32d0356e681eb597406bbe0
    name: rubygems
    evr: 3.5.22-6.module+el9.6.0+24618+75aeb29f.1
    sourcerpm: ruby-3.3.12-6.module+el9.6.0+24618+75aeb29f.1.src.rpm
  - url: https://cdn.redhat.com/content/eus/rhel9/9.6/aarch64/appstream/os/Packages/s/skopeo-1.18.1-5.el9_6.1.aarch64.rpm
    repoid: rhel-9-for-aarch64-appstream-eus-rpms__9_DOT_6
    size: 8844438
    checksum: sha256:b2d58cd41bb5a5353c9b37db78f89fca990ac1189a2e7aa38dec89ab20b4bd93
    name: skopeo
    evr: 2:1.18.1-5.el9_6.1
    sourcerpm: skopeo-1.18.1-5.el9_6.1.src.rpm
  - url: https://cdn.redhat.com/content/eus/rhel9/9.6/aarch64/appstream/os/Packages/s/slirp4netns-1.3.2-1.el9.aarch64.rpm
    repoid: rhel-9-for-aarch64-appstream-eus-rpms__9_DOT_6
    size: 50394
    checksum: sha256:01db172d566e090d3a0789d27c3dd7d7151458765b6264784e0fa3d89b132fee
    name: slirp4netns
    evr: 1.3.2-1.el9
    sourcerpm: slirp4netns-1.3.2-1.el9.src.rpm
  - url: https://cdn.redhat.com/content/eus/rhel9/9.6/aarch64/appstream/os/Packages/y/yajl-2.1.0-25.el9.aarch64.rpm
    repoid: rhel-9-for-aarch64-appstream-eus-rpms__9_DOT_6
    size: 42219
    checksum: sha256:a6becc709b5431b18ccebd844278598f01f05bfd57dc1abfaa1680d5b8edc8ac
    name: yajl
    evr: 2.1.0-25.el9
    sourcerpm: yajl-2.1.0-25.el9.src.rpm
  - url: https://cdn.redhat.com/content/eus/rhel9/9.6/aarch64/baseos/os/Packages/f/fuse-common-3.10.2-9.el9.aarch64.rpm
    repoid: rhel-9-for-aarch64-baseos-eus-rpms__9_DOT_6
    size: 8718
    checksum: sha256:ee202d37528745e6367791304c4f04af4a84bc9df2027234900186a8bff858f7
    name: fuse-common
    evr: 3.10.2-9.el9
    sourcerpm: fuse3-3.10.2-9.el9.src.rpm
  - url: https://cdn.redhat.com/content/eus/rhel9/9.6/aarch64/baseos/os/Packages/k/kmod-28-10.el9.aarch64.rpm
    repoid: rhel-9-for-aarch64-baseos-eus-rpms__9_DOT_6
    size: 130824
    checksum: sha256:02835d70e5283383d02367e1bb3431a74033bbd1be5e3961e572623e1cbca4ca
    name: kmod
    evr: 28-10.el9
    sourcerpm: kmod-28-10.el9.src.rpm
  - url: https://cdn.redhat.com/content/eus/rhel9/9.6/aarch64/baseos/os/Packages/p/protobuf-c-1.3.3-13.el9.aarch64.rpm
    repoid: rhel-9-for-aarch64-baseos-eus-rpms__9_DOT_6
    size: 38582
    checksum: sha256:d68a518f80e00df5e63ba24d4be5058998d857e24b1af316f37001dfc91d3149
    name: protobuf-c
    evr: 1.3.3-13.el9
    sourcerpm: protobuf-c-1.3.3-13.el9.src.rpm
  - url: https://cdn.redhat.com/content/eus/rhel9/9.6/aarch64/baseos/os/Packages/s/shadow-utils-subid-4.9-12.el9.aarch64.rpm
    repoid: rhel-9-for-aarch64-baseos-eus-rpms__9_DOT_6
    size: 89073
    checksum: sha256:defb5583bcda27004a657df50d385d9884a0d93b14c38725b1141255614dcd0c
    name: shadow-utils-subid
    evr: 2:4.9-12.el9
    sourcerpm: shadow-utils-4.9-12.el9.src.rpm
  source: []
  module_metadata:
  - url: https://cdn.redhat.com/content/eus/rhel9/9.6/aarch64/appstream/os/repodata/16aa6e9edeb2e01c038ddb261b84fdd8cd038ad68e1d769586107a586df0fe80-modules.yaml.gz
    repoid: rhel-9-for-aarch64-appstream-eus-rpms__9_DOT_6
    size: 45006
    checksum: sha256:16aa6e9edeb2e01c038ddb261b84fdd8cd038ad68e1d769586107a586df0fe80
- arch: x86_64
  packages:
  - url: https://cdn.redhat.com/content/eus/rhel9/9.6/x86_64/appstream/os/Packages/c/containers-common-1-117.el9_6.x86_64.rpm
    repoid: rhel-9-for-x86_64-appstream-eus-rpms__9_DOT_6
    size: 158417
    checksum: sha256:4a45b00847d30c3c804a6184af69e0e11836be975e51960596ce31c459a5d532
    name: containers-common
    evr: 2:1-117.el9_6
    sourcerpm: containers-common-1-117.el9_6.src.rpm
  - url: https://cdn.redhat.com/content/eus/rhel9/9.6/x86_64/appstream/os/Packages/c/criu-3.19-1.3.el9_6.x86_64.rpm
    repoid: rhel-9-for-x86_64-appstream-eus-rpms__9_DOT_6
    size: 568833
    checksum: sha256:01979e679ee08152c1b584738f3024519586cd84f7081e4fa6046c490af8e925
    name: criu
    evr: 3.19-1.3.el9_6
    sourcerpm: criu-3.19-1.3.el9_6.src.rpm
  - url: https://cdn.redhat.com/content/eus/rhel9/9.6/x86_64/appstream/os/Packages/c/criu-libs-3.19-1.3.el9_6.x86_64.rpm
    repoid: rhel-9-for-x86_64-appstream-eus-rpms__9_DOT_6
    size: 30867
    checksum: sha256:962abde282a6be97ba5ff6ecb36449283f01d34b4a9bace478bceaaca517a923
    name: criu-libs
    evr: 3.19-1.3.el9_6
    sourcerpm: criu-3.19-1.3.el9_6.src.rpm
  - url: https://cdn.redhat.com/content/eus/rhel9/9.6/x86_64/appstream/os/Packages/c/crun-1.27-1.el9_6.x86_64.rpm
    repoid: rhel-9-for-x86_64-appstream-eus-rpms__9_DOT_6
    size: 261140
    checksum: sha256:2764ddb0593bbf94c10ab8c3cf28d0154115edb8f825539b63d40a28c89737f6
    name: crun
    evr: 1.27-1.el9_6
    sourcerpm: crun-1.27-1.el9_6.src.rpm
  - url: https://cdn.redhat.com/content/eus/rhel9/9.6/x86_64/appstream/os/Packages/f/fuse-overlayfs-1.14-1.el9.x86_64.rpm
    repoid: rhel-9-for-x86_64-appstream-eus-rpms__9_DOT_6
    size: 71022
    checksum: sha256:884e4034c930e0305d2402da2bdc1eac5a91295da06e554b75c1c9a4529ddbc2
    name: fuse-overlayfs
    evr: 1.14-1.el9
    sourcerpm: fuse-overlayfs-1.14-1.el9.src.rpm
  - url: https://cdn.redhat.com/content/eus/rhel9/9.6/x86_64/appstream/os/Packages/f/fuse3-3.10.2-9.el9.x86_64.rpm
    repoid: rhel-9-for-x86_64-appstream-eus-rpms__9_DOT_6
    size: 58706
    checksum: sha256:4674b4ee6150c8f8be01a028a471c209a6be7c0cf78e9450cf28fb01eaed9ea2
    name: fuse3
    evr: 3.10.2-9.el9
    sourcerpm: fuse3-3.10.2-9.el9.src.rpm
  - url: https://cdn.redhat.com/content/eus/rhel9/9.6/x86_64/appstream/os/Packages/f/fuse3-libs-3.10.2-9.el9.x86_64.rpm
    repoid: rhel-9-for-x86_64-appstream-eus-rpms__9_DOT_6
    size: 95573
    checksum: sha256:945e1d95edbce9c7dba52e9317d4564381efa5a1ba48d4bd49a58c85e47cd717
    name: fuse3-libs
    evr: 3.10.2-9.el9
    sourcerpm: fuse3-3.10.2-9.el9.src.rpm
  - url: https://cdn.redhat.com/content/eus/rhel9/9.6/x86_64/appstream/os/Packages/l/libnet-1.2-7.el9.x86_64.rpm
    repoid: rhel-9-for-x86_64-appstream-eus-rpms__9_DOT_6
    size: 61278
    checksum: sha256:738b9a7ab78c149487e349d90c384b59031d5763ba687a6b58a4f853671af86b
    name: libnet
    evr: 1.2-7.el9
    sourcerpm: libnet-1.2-7.el9.src.rpm
  - url: https://cdn.redhat.com/content/eus/rhel9/9.6/x86_64/appstream/os/Packages/l/libslirp-4.4.0-8.el9.x86_64.rpm
    repoid: rhel-9-for-x86_64-appstream-eus-rpms__9_DOT_6
    size: 71992
    checksum: sha256:9bd269ec50504f997683e963481f870bb937c3cfdb54a057e9acca67bf2b7631
    name: libslirp
    evr: 4.4.0-8.el9
    sourcerpm: libslirp-4.4.0-8.el9.src.rpm
  - url: https://cdn.redhat.com/content/eus/rhel9/9.6/x86_64/appstream/os/Packages/p/python3.12-pip-23.2.1-4.el9.noarch.rpm
    repoid: rhel-9-for-x86_64-appstream-eus-rpms__9_DOT_6
    size: 3377244
    checksum: sha256:d7fddc3a02b3cba2256034e3ed61378dc37bd6155f91f5feb7560c9ffeb5230e
    name: python3.12-pip
    evr: 23.2.1-4.el9
    sourcerpm: python3.12-pip-23.2.1-4.el9.src.rpm
  - url: https://cdn.redhat.com/content/eus/rhel9/9.6/x86_64/appstream/os/Packages/p/python3.12-setuptools-68.2.2-5.el9_6.noarch.rpm
    repoid: rhel-9-for-x86_64-appstream-eus-rpms__9_DOT_6
    size: 1654905
    checksum: sha256:6a7ea24faa6a5f2686b5e5b103a09f63b929b9bef70f1392dfea4ec5ef57c819
    name: python3.12-setuptools
    evr: 68.2.2-5.el9_6
    sourcerpm: python3.12-setuptools-68.2.2-5.el9_6.src.rpm
  - url: https://cdn.redhat.com/content/eus/rhel9/9.6/x86_64/appstream/os/Packages/r/ruby-3.3.12-6.module+el9.6.0+24618+75aeb29f.1.x86_64.rpm
    repoid: rhel-9-for-x86_64-appstream-eus-rpms__9_DOT_6
    size: 38305
    checksum: sha256:844bb41170a577bb3aa6e81a894426278624233127c90e2fb450c68103268243
    name: ruby
    evr: 3.3.12-6.module+el9.6.0+24618+75aeb29f.1
    sourcerpm: ruby-3.3.12-6.module+el9.6.0+24618+75aeb29f.1.src.rpm
  - url: https://cdn.redhat.com/content/eus/rhel9/9.6/x86_64/appstream/os/Packages/r/ruby-default-gems-3.3.12-6.module+el9.6.0+24618+75aeb29f.1.noarch.rpm
    repoid: rhel-9-for-x86_64-appstream-eus-rpms__9_DOT_6
    size: 47352
    checksum: sha256:869c2f0b23f803fd67c5a51c886e283b5eb9940e5e7e2c6762e7f07e850083ff
    name: ruby-default-gems
    evr: 3.3.12-6.module+el9.6.0+24618+75aeb29f.1
    sourcerpm: ruby-3.3.12-6.module+el9.6.0+24618+75aeb29f.1.src.rpm
  - url: https://cdn.redhat.com/content/eus/rhel9/9.6/x86_64/appstream/os/Packages/r/ruby-libs-3.3.12-6.module+el9.6.0+24618+75aeb29f.1.x86_64.rpm
    repoid: rhel-9-for-x86_64-appstream-eus-rpms__9_DOT_6
    size: 4294316
    checksum: sha256:2329a1958ffdaf864e3e9ec5698498fbd1450899ca05a7d388146e68d714e3cd
    name: ruby-libs
    evr: 3.3.12-6.module+el9.6.0+24618+75aeb29f.1
    sourcerpm: ruby-3.3.12-6.module+el9.6.0+24618+75aeb29f.1.src.rpm
  - url: https://cdn.redhat.com/content/eus/rhel9/9.6/x86_64/appstream/os/Packages/r/rubygem-bigdecimal-3.1.5-6.module+el9.6.0+24618+75aeb29f.1.x86_64.rpm
    repoid: rhel-9-for-x86_64-appstream-eus-rpms__9_DOT_6
    size: 66605
    checksum: sha256:7911ab1b958349749a30910906f1de6905850da94f218d92dca445e023da7bb7
    name: rubygem-bigdecimal
    evr: 3.1.5-6.module+el9.6.0+24618+75aeb29f.1
    sourcerpm: ruby-3.3.12-6.module+el9.6.0+24618+75aeb29f.1.src.rpm
  - url: https://cdn.redhat.com/content/eus/rhel9/9.6/x86_64/appstream/os/Packages/r/rubygem-bundler-2.5.22-6.module+el9.6.0+24618+75aeb29f.1.noarch.rpm
    repoid: rhel-9-for-x86_64-appstream-eus-rpms__9_DOT_6
    size: 498268
    checksum: sha256:afb06ce22cd54bf3af6fc8fe86892f8b9ef62193b13bd323f302de61f07e5ea0
    name: rubygem-bundler
    evr: 2.5.22-6.module+el9.6.0+24618+75aeb29f.1
    sourcerpm: ruby-3.3.12-6.module+el9.6.0+24618+75aeb29f.1.src.rpm
  - url: https://cdn.redhat.com/content/eus/rhel9/9.6/x86_64/appstream/os/Packages/r/rubygem-io-console-0.7.1-6.module+el9.6.0+24618+75aeb29f.1.x86_64.rpm
    repoid: rhel-9-for-x86_64-appstream-eus-rpms__9_DOT_6
    size: 22819
    checksum: sha256:5fffa5462bafb0dbcc6aff9063db1fe0daa8c5b4ab8a10800da2c1ba2e3489b4
    name: rubygem-io-console
    evr: 0.7.1-6.module+el9.6.0+24618+75aeb29f.1
    sourcerpm: ruby-3.3.12-6.module+el9.6.0+24618+75aeb29f.1.src.rpm
  - url: https://cdn.redhat.com/content/eus/rhel9/9.6/x86_64/appstream/os/Packages/r/rubygem-json-2.7.2-6.module+el9.6.0+24618+75aeb29f.1.x86_64.rpm
    repoid: rhel-9-for-x86_64-appstream-eus-rpms__9_DOT_6
    size: 57978
    checksum: sha256:9372220c5180044681c58912a129a74000d9cead064c4729938a956ed0321484
    name: rubygem-json
    evr: 2.7.2-6.module+el9.6.0+24618+75aeb29f.1
    sourcerpm: ruby-3.3.12-6.module+el9.6.0+24618+75aeb29f.1.src.rpm
  - url: https://cdn.redhat.com/content/eus/rhel9/9.6/x86_64/appstream/os/Packages/r/rubygem-psych-5.1.2-6.module+el9.6.0+24618+75aeb29f.1.x86_64.rpm
    repoid: rhel-9-for-x86_64-appstream-eus-rpms__9_DOT_6
    size: 58321
    checksum: sha256:4c017c5969d08d32ba76c3eb9dbbf9c1a640f2a8a7312e1bedf3aa8b34e3f31a
    name: rubygem-psych
    evr: 5.1.2-6.module+el9.6.0+24618+75aeb29f.1
    sourcerpm: ruby-3.3.12-6.module+el9.6.0+24618+75aeb29f.1.src.rpm
  - url: https://cdn.redhat.com/content/eus/rhel9/9.6/x86_64/appstream/os/Packages/r/rubygem-rdoc-6.6.3.1-6.module+el9.6.0+24618+75aeb29f.1.noarch.rpm
    repoid: rhel-9-for-x86_64-appstream-eus-rpms__9_DOT_6
    size: 514212
    checksum: sha256:67f98e4376a45ed5c3783e27c604f7d98cadaf8d9bff8e8cf71b2c7453a914d3
    name: rubygem-rdoc
    evr: 6.6.3.1-6.module+el9.6.0+24618+75aeb29f.1
    sourcerpm: ruby-3.3.12-6.module+el9.6.0+24618+75aeb29f.1.src.rpm
  - url: https://cdn.redhat.com/content/eus/rhel9/9.6/x86_64/appstream/os/Packages/r/rubygems-3.5.22-6.module+el9.6.0+24618+75aeb29f.1.noarch.rpm
    repoid: rhel-9-for-x86_64-appstream-eus-rpms__9_DOT_6
    size: 430968
    checksum: sha256:4849d287a572ae216b6efc0748e488695d3cbb1dc32d0356e681eb597406bbe0
    name: rubygems
    evr: 3.5.22-6.module+el9.6.0+24618+75aeb29f.1
    sourcerpm: ruby-3.3.12-6.module+el9.6.0+24618+75aeb29f.1.src.rpm
  - url: https://cdn.redhat.com/content/eus/rhel9/9.6/x86_64/appstream/os/Packages/s/skopeo-1.18.1-5.el9_6.1.x86_64.rpm
    repoid: rhel-9-for-x86_64-appstream-eus-rpms__9_DOT_6
    size: 9785972
    checksum: sha256:07b1e185902de0affdb41d8ba9dbee84bae0916faae901ea783acb6c0063001b
    name: skopeo
    evr: 2:1.18.1-5.el9_6.1
    sourcerpm: skopeo-1.18.1-5.el9_6.1.src.rpm
  - url: https://cdn.redhat.com/content/eus/rhel9/9.6/x86_64/appstream/os/Packages/s/slirp4netns-1.3.2-1.el9.x86_64.rpm
    repoid: rhel-9-for-x86_64-appstream-eus-rpms__9_DOT_6
    size: 50387
    checksum: sha256:25a2a6c5cee50c6f4693ee66c782e9644f4ba1fe410c795391afcc07546496e7
    name: slirp4netns
    evr: 1.3.2-1.el9
    sourcerpm: slirp4netns-1.3.2-1.el9.src.rpm
  - url: https://cdn.redhat.com/content/eus/rhel9/9.6/x86_64/appstream/os/Packages/y/yajl-2.1.0-25.el9.x86_64.rpm
    repoid: rhel-9-for-x86_64-appstream-eus-rpms__9_DOT_6
    size: 42487
    checksum: sha256:f7503f34d5095303db5c57c70c5edb890dab7d0bba5920f3dcc44d7835449555
    name: yajl
    evr: 2.1.0-25.el9
    sourcerpm: yajl-2.1.0-25.el9.src.rpm
  - url: https://cdn.redhat.com/content/eus/rhel9/9.6/x86_64/baseos/os/Packages/f/fuse-common-3.10.2-9.el9.x86_64.rpm
    repoid: rhel-9-for-x86_64-baseos-eus-rpms__9_DOT_6
    size: 8750
    checksum: sha256:548265cbee787fa659bc79c07e15a12007f39eb70e905bf660ec488f0bb8820f
    name: fuse-common
    evr: 3.10.2-9.el9
    sourcerpm: fuse3-3.10.2-9.el9.src.rpm
  - url: https://cdn.redhat.com/content/eus/rhel9/9.6/x86_64/baseos/os/Packages/k/kmod-28-10.el9.x86_64.rpm
    repoid: rhel-9-for-x86_64-baseos-eus-rpms__9_DOT_6
    size: 132888
    checksum: sha256:e9ccad17d4c6c30524ec5c2aab8d8d351f2776ab564baccdbd2df9b54e28baea
    name: kmod
    evr: 28-10.el9
    sourcerpm: kmod-28-10.el9.src.rpm
  - url: https://cdn.redhat.com/content/eus/rhel9/9.6/x86_64/baseos/os/Packages/p/protobuf-c-1.3.3-13.el9.x86_64.rpm
    repoid: rhel-9-for-x86_64-baseos-eus-rpms__9_DOT_6
    size: 38224
    checksum: sha256:9669f5bed1c9532ede399cd1ea6f8937ae7d18cfb56d59f2939a4b456390035f
    name: protobuf-c
    evr: 1.3.3-13.el9
    sourcerpm: protobuf-c-1.3.3-13.el9.src.rpm
  - url: https://cdn.redhat.com/content/eus/rhel9/9.6/x86_64/baseos/os/Packages/s/shadow-utils-subid-4.9-12.el9.x86_64.rpm
    repoid: rhel-9-for-x86_64-baseos-eus-rpms__9_DOT_6
    size: 90389
    checksum: sha256:342ced93b6ca9b0fd884f990177f7b1e8a6bc35e0bb2a6d4b6684cf8f0062760
    name: shadow-utils-subid
    evr: 2:4.9-12.el9
    sourcerpm: shadow-utils-4.9-12.el9.src.rpm
  source: []
  module_metadata:
  - url: https://cdn.redhat.com/content/eus/rhel9/9.6/x86_64/appstream/os/repodata/dbede307f1a5dc4d22b4d51afafde94a4b2b6249a2f7f4df7f9cd8acf7ffe24e-modules.yaml.gz
    repoid: rhel-9-for-x86_64-appstream-eus-rpms__9_DOT_6
    size: 43699
    checksum: sha256:dbede307f1a5dc4d22b4d51afafde94a4b2b6249a2f7f4df7f9cd8acf7ffe24e
